Microsoft Visual Studio Solution File, Format Version 12.00
# Visual Studio Version 17
VisualStudioVersion = 17.5.2.0
MinimumVisualStudioVersion = 10.0.40219.1
Project("{FAE04EC0-301F-11D3-BF4B-00C04F79EFBC}") = "GifRecorder", "GifRecorder.csproj", "{AD5C5A98-73E4-98A6-51C5-0B0C5C8591D0}"
EndProject
Global
	GlobalSection(SolutionConfigurationPlatforms) = preSolution
		Debug|Any CPU = Debug|Any CPU
		Release|Any CPU = Release|Any CPU
	EndGlobalSection
	GlobalSection(ProjectConfigurationPlatforms) = postSolution
		{AD5C5A98-73E4-98A6-51C5-0B0C5C8591D0}.Debug|Any CPU.ActiveCfg = Debug|Any CPU
		{AD5C5A98-73E4-98A6-51C5-0B0C5C8591D0}.Debug|Any CPU.Build.0 = Debug|Any CPU
		{AD5C5A98-73E4-98A6-51C5-0B0C5C8591D0}.Release|Any CPU.ActiveCfg = Release|Any CPU
		{AD5C5A98-73E4-98A6-51C5-0B0C5C8591D0}.Release|Any CPU.Build.0 = Release|Any CPU
	EndGlobalSection
	GlobalSection(SolutionProperties) = preSolution
		HideSolutionNode = FALSE
	EndGlobalSection
	GlobalSection(ExtensibilityGlobals) = postSolution
		SolutionGuid = {F9DE9508-47F9-4ED0-89D5-FBD78AC3F6CB}
	EndGlobalSection
EndGlobal
